// !$*UTF8*$!
{
	archiveVersion = 1;
	classes = {
	};
	objectVersion = 56;
	objects = {

/* Begin PBXBuildFile section */
		D41BD5942A327F8000CA5217 /* AppDelegate.swift in Sources */ = {isa = PBXBuildFile; fileRef = D41BD5932A327F8000CA5217 /* AppDelegate.swift */; };
		D41BD5962A327F8000CA5217 /* SceneDelegate.swift in Sources */ = {isa = PBXBuildFile; fileRef = D41BD5952A327F8000CA5217 /* SceneDelegate.swift */; };
		D41BD5982A327F8000CA5217 /* RMTabBarController.swift in Sources */ = {isa = PBXBuildFile; fileRef = D41BD5972A327F8000CA5217 /* RMTabBarController.swift */; };
		D41BD59D2A327F8400CA5217 /* Assets.xcassets in Resources */ = {isa = PBXBuildFile; fileRef = D41BD59C2A327F8400CA5217 /* Assets.xcassets */; };
		D41BD5A02A327F8400CA5217 /* LaunchScreen.storyboard in Resources */ = {isa = PBXBuildFile; fileRef = D41BD59E2A327F8400CA5217 /* LaunchScreen.storyboard */; };
		D4A768A22A3283A900E043D9 /* RMLocation.swift in Sources */ = {isa = PBXBuildFile; fileRef = D4A768A12A3283A900E043D9 /* RMLocation.swift */; };
		D4A768A42A3283BC00E043D9 /* RMCharacter.swift in Sources */ = {isa = PBXBuildFile; fileRef = D4A768A32A3283BC00E043D9 /* RMCharacter.swift */; };
		D4A768A62A3283C600E043D9 /* RMEpisode.swift in Sources */ = {isa = PBXBuildFile; fileRef = D4A768A52A3283C600E043D9 /* RMEpisode.swift */; };
		D4A768A92A32844800E043D9 /* RMCharacterViewController.swift in Sources */ = {isa = PBXBuildFile; fileRef = D4A768A82A32844800E043D9 /* RMCharacterViewController.swift */; };
		D4A768AB2A32845F00E043D9 /* RMLocationViewController.swift in Sources */ = {isa = PBXBuildFile; fileRef = D4A768AA2A32845E00E043D9 /* RMLocationViewController.swift */; };
		D4A768AD2A32846900E043D9 /* RMEpisodeViewController.swift in Sources */ = {isa = PBXBuildFile; fileRef = D4A768AC2A32846900E043D9 /* RMEpisodeViewController.swift */; };
		D4A768AF2A32847D00E043D9 /* RMSettingsViewController.swift in Sources */ = {isa = PBXBuildFile; fileRef = D4A768AE2A32847D00E043D9 /* RMSettingsViewController.swift */; };
		D4A768B12A329C5900E043D9 /* RMService.swift in Sources */ = {isa = PBXBuildFile; fileRef = D4A768B02A329C5900E043D9 /* RMService.swift */; };
		D4A768B32A329C6E00E043D9 /* RMRequest.swift in Sources */ = {isa = PBXBuildFile; fileRef = D4A768B22A329C6E00E043D9 /* RMRequest.swift */; };
		D4A768B62A329CEF00E043D9 /* RMEndpoint.swift in Sources */ = {isa = PBXBuildFile; fileRef = D4A768B52A329CEF00E043D9 /* RMEndpoint.swift */; };
/* End PBXBuildFile section */

/* Begin PBXFileReference section */
		D41BD5902A327F8000CA5217 /* RickAndMorty.app */ = {isa = PBXFileReference; explicitFileType = wrapper.application; includeInIndex = 0; path = RickAndMorty.app; sourceTree = BUILT_PRODUCTS_DIR; };
		D41BD5932A327F8000CA5217 /* AppDelegate.swift */ = {isa = PBXFileReference; lastKnownFileType = sourcecode.swift; path = AppDelegate.swift; sourceTree = "<group>"; };
		D41BD5952A327F8000CA5217 /* SceneDelegate.swift */ = {isa = PBXFileReference; lastKnownFileType = sourcecode.swift; path = SceneDelegate.swift; sourceTree = "<group>"; };
		D41BD5972A327F8000CA5217 /* RMTabBarController.swift */ = {isa = PBXFileReference; lastKnownFileType = sourcecode.swift; path = RMTabBarController.swift; sourceTree = "<group>"; };
		D41BD59C2A327F8400CA5217 /* Assets.xcassets */ = {isa = PBXFileReference; lastKnownFileType = folder.assetcatalog; path = Assets.xcassets; sourceTree = "<group>"; };
		D41BD59F2A327F8400CA5217 /* Base */ = {isa = PBXFileReference; lastKnownFileType = file.storyboard; name = Base; path = Base.lproj/LaunchScreen.storyboard; sourceTree = "<group>"; };
		D41BD5A12A327F8400CA5217 /* Info.plist */ = {isa = PBXFileReference; lastKnownFileType = text.plist.xml; path = Info.plist; sourceTree = "<group>"; };
		D4A768A12A3283A900E043D9 /* RMLocation.swift */ = {isa = PBXFileReference; lastKnownFileType = sourcecode.swift; path = RMLocation.swift; sourceTree = "<group>"; };
		D4A768A32A3283BC00E043D9 /* RMCharacter.swift */ = {isa = PBXFileReference; lastKnownFileType = sourcecode.swift; path = RMCharacter.swift; sourceTree = "<group>"; };
		D4A768A52A3283C600E043D9 /* RMEpisode.swift */ = {isa = PBXFileReference; lastKnownFileType = sourcecode.swift; path = RMEpisode.swift; sourceTree = "<group>"; };
		D4A768A82A32844800E043D9 /* RMCharacterViewController.swift */ = {isa = PBXFileReference; lastKnownFileType = sourcecode.swift; path = RMCharacterViewController.swift; sourceTree = "<group>"; };
		D4A768AA2A32845E00E043D9 /* RMLocationViewController.swift */ = {isa = PBXFileReference; lastKnownFileType = sourcecode.swift; path = RMLocationViewController.swift; sourceTree = "<group>"; };
		D4A768AC2A32846900E043D9 /* RMEpisodeViewController.swift */ = {isa = PBXFileReference; lastKnownFileType = sourcecode.swift; path = RMEpisodeViewController.swift; sourceTree = "<group>"; };
		D4A768AE2A32847D00E043D9 /* RMSettingsViewController.swift */ = {isa = PBXFileReference; lastKnownFileType = sourcecode.swift; path = RMSettingsViewController.swift; sourceTree = "<group>"; };
		D4A768B02A329C5900E043D9 /* RMService.swift */ = {isa = PBXFileReference; lastKnownFileType = sourcecode.swift; path = RMService.swift; sourceTree = "<group>"; };
		D4A768B22A329C6E00E043D9 /* RMRequest.swift */ = {isa = PBXFileReference; lastKnownFileType = sourcecode.swift; path = RMRequest.swift; sourceTree = "<group>"; };
		D4A768B52A329CEF00E043D9 /* RMEndpoint.swift */ = {isa = PBXFileReference; lastKnownFileType = sourcecode.swift; path = RMEndpoint.swift; sourceTree = "<group>"; };
/* End PBXFileReference section */

/* Begin PBXFrameworksBuildPhase section */
		D41BD58D2A327F8000CA5217 /* Frameworks */ = {
			isa = PBXFrameworksBuildPhase;
			buildActionMask = 2147483647;
			files = (
			);
			runOnlyForDeploymentPostprocessing = 0;
		};
/* End PBXFrameworksBuildPhase section */

/* Begin PBXGroup section */
		D41BD5872A327F8000CA5217 = {
			isa = PBXGroup;
			children = (
				D41BD5922A327F8000CA5217 /* RickAndMorty */,
				D41BD5912A327F8000CA5217 /* Products */,
			);
			sourceTree = "<group>";
		};
		D41BD5912A327F8000CA5217 /* Products */ = {
			isa = PBXGroup;
			children = (
				D41BD5902A327F8000CA5217 /* RickAndMorty.app */,
			);
			name = Products;
			sourceTree = "<group>";
		};
		D41BD5922A327F8000CA5217 /* RickAndMorty */ = {
			isa = PBXGroup;
			children = (
				D4A768A02A3282E300E043D9 /* Resources */,
				D4A7689F2A3282DE00E043D9 /* Managers */,
				D4A7689E2A3282D500E043D9 /* APIClient */,
				D4A7689C2A3282B500E043D9 /* ViewModels */,
				D4A7689B2A3282B000E043D9 /* Views */,
				D4A7689A2A3282A500E043D9 /* Models */,
				D4A768992A32829C00E043D9 /* Controllers */,
				D41BD5A12A327F8400CA5217 /* Info.plist */,
			);
			path = RickAndMorty;
			sourceTree = "<group>";
		};
		D4A768992A32829C00E043D9 /* Controllers */ = {
			isa = PBXGroup;
			children = (
				D4A768A72A32842700E043D9 /* Core */,
			);
			path = Controllers;
			sourceTree = "<group>";
		};
		D4A7689A2A3282A500E043D9 /* Models */ = {
			isa = PBXGroup;
			children = (
				D4A768A12A3283A900E043D9 /* RMLocation.swift */,
				D4A768A32A3283BC00E043D9 /* RMCharacter.swift */,
				D4A768A52A3283C600E043D9 /* RMEpisode.swift */,
			);
			path = Models;
			sourceTree = "<group>";
		};
		D4A7689B2A3282B000E043D9 /* Views */ = {
			isa = PBXGroup;
			children = (
			);
			path = Views;
			sourceTree = "<group>";
		};
		D4A7689C2A3282B500E043D9 /* ViewModels */ = {
			isa = PBXGroup;
			children = (
			);
			path = ViewModels;
			sourceTree = "<group>";
		};
		D4A7689E2A3282D500E043D9 /* APIClient */ = {
			isa = PBXGroup;
			children = (
				D4A768B02A329C5900E043D9 /* RMService.swift */,
				D4A768B22A329C6E00E043D9 /* RMRequest.swift */,
				D4A768B52A329CEF00E043D9 /* RMEndpoint.swift */,
			);
			path = APIClient;
			sourceTree = "<group>";
		};
		D4A7689F2A3282DE00E043D9 /* Managers */ = {
			isa = PBXGroup;
			children = (
			);
			path = Managers;
			sourceTree = "<group>";
		};
		D4A768A02A3282E300E043D9 /* Resources */ = {
			isa = PBXGroup;
			children = (
				D41BD59C2A327F8400CA5217 /* Assets.xcassets */,
				D41BD59E2A327F8400CA5217 /* LaunchScreen.storyboard */,
				D41BD5932A327F8000CA5217 /* AppDelegate.swift */,
				D41BD5952A327F8000CA5217 /* SceneDelegate.swift */,
			);
			path = Resources;
			sourceTree = "<group>";
		};
		D4A768A72A32842700E043D9 /* Core */ = {
			isa = PBXGroup;
			children = (
				D41BD5972A327F8000CA5217 /* RMTabBarController.swift */,
				D4A768A82A32844800E043D9 /* RMCharacterViewController.swift */,
				D4A768AA2A32845E00E043D9 /* RMLocationViewController.swift */,
				D4A768AC2A32846900E043D9 /* RMEpisodeViewController.swift */,
				D4A768AE2A32847D00E043D9 /* RMSettingsViewController.swift */,
			);
			path = Core;
			sourceTree = "<group>";
		};
/* End PBXGroup section */

/* Begin PBXNativeTarget section */
		D41BD58F2A327F8000CA5217 /* RickAndMorty */ = {
			isa = PBXNativeTarget;
			buildConfigurationList = D41BD5A42A327F8400CA5217 /* Build configuration list for PBXNativeTarget "RickAndMorty" */;
			buildPhases = (
				D41BD58C2A327F8000CA5217 /* Sources */,
				D41BD58D2A327F8000CA5217 /* Frameworks */,
				D41BD58E2A327F8000CA5217 /* Resources */,
			);
			buildRules = (
			);
			dependencies = (
			);
			name = RickAndMorty;
			productName = RickAndMorty;
			productReference = D41BD5902A327F8000CA5217 /* RickAndMorty.app */;
			productType = "com.apple.product-type.application";
		};
/* End PBXNativeTarget section */

/* Begin PBXProject section */
		D41BD5882A327F8000CA5217 /* Project object */ = {
			isa = PBXProject;
			attributes = {
				BuildIndependentTargetsInParallel = 1;
				LastSwiftUpdateCheck = 1430;
				LastUpgradeCheck = 1430;
				TargetAttributes = {
					D41BD58F2A327F8000CA5217 = {
						CreatedOnToolsVersion = 14.3.1;
					};
				};
			};
			buildConfigurationList = D41BD58B2A327F8000CA5217 /* Build configuration list for PBXProject "RickAndMorty" */;
			compatibilityVersion = "Xcode 14.0";
			developmentRegion = en;
			hasScannedForEncodings = 0;
			knownRegions = (
				en,
				Base,
			);
			mainGroup = D41BD5872A327F8000CA5217;
			productRefGroup = D41BD5912A327F8000CA5217 /* Products */;
			projectDirPath = "";
			projectRoot = "";
			targets = (
				D41BD58F2A327F8000CA5217 /* RickAndMorty */,
			);
		};
/* End PBXProject section */

/* Begin PBXResourcesBuildPhase section */
		D41BD58E2A327F8000CA5217 /* Resources */ = {
			isa = PBXResourcesBuildPhase;
			buildActionMask = 2147483647;
			files = (
				D41BD5A02A327F8400CA5217 /* LaunchScreen.storyboard in Resources */,
				D41BD59D2A327F8400CA5217 /* Assets.xcassets in Resources */,
			);
			runOnlyForDeploymentPostprocessing = 0;
		};
/* End PBXResourcesBuildPhase section */

/* Begin PBXSourcesBuildPhase section */
		D41BD58C2A327F8000CA5217 /* Sources */ = {
			isa = PBXSourcesBuildPhase;
			buildActionMask = 2147483647;
			files = (
				D4A768AB2A32845F00E043D9 /* RMLocationViewController.swift in Sources */,
				D4A768A62A3283C600E043D9 /* RMEpisode.swift in Sources */,
				D41BD5982A327F8000CA5217 /* RMTabBarController.swift in Sources */,
				D4A768AD2A32846900E043D9 /* RMEpisodeViewController.swift in Sources */,
				D41BD5942A327F8000CA5217 /* AppDelegate.swift in Sources */,
				D41BD5962A327F8000CA5217 /* SceneDelegate.swift in Sources */,
				D4A768AF2A32847D00E043D9 /* RMSettingsViewController.swift in Sources */,
				D4A768B12A329C5900E043D9 /* RMService.swift in Sources */,
				D4A768A22A3283A900E043D9 /* RMLocation.swift in Sources */,
				D4A768B62A329CEF00E043D9 /* RMEndpoint.swift in Sources */,
				D4A768A42A3283BC00E043D9 /* RMCharacter.swift in Sources */,
				D4A768B32A329C6E00E043D9 /* RMRequest.swift in Sources */,
				D4A768A92A32844800E043D9 /* RMCharacterViewController.swift in Sources */,
			);
			runOnlyForDeploymentPostprocessing = 0;
		};
/* End PBXSourcesBuildPhase section */

/* Begin PBXVariantGroup section */
		D41BD59E2A327F8400CA5217 /* LaunchScreen.storyboard */ = {
			isa = PBXVariantGroup;
			children = (
				D41BD59F2A327F8400CA5217 /* Base */,
			);
			name = LaunchScreen.storyboard;
			sourceTree = "<group>";
		};
/* End PBXVariantGroup section */

/* Begin XCBuildConfiguration section */
		D41BD5A22A327F8400CA5217 /* Debug */ = {
			isa = XCBuildConfiguration;
			buildSettings = {
				ALWAYS_SEARCH_USER_PATHS = NO;
				CLANG_ANALYZER_NONNULL = YES;
				CLANG_ANALYZER_NUMBER_OBJECT_CONVERSION = YES_AGGRESSIVE;
				CLANG_CXX_LANGUAGE_STANDARD = "gnu++20";
				CLANG_ENABLE_MODULES = YES;
				CLANG_ENABLE_OBJC_ARC = YES;
				CLANG_ENABLE_OBJC_WEAK = YES;
				CLANG_WARN_BLOCK_CAPTURE_AUTORELEASING = YES;
				CLANG_WARN_BOOL_CONVERSION = YES;
				CLANG_WARN_COMMA = YES;
				CLANG_WARN_CONSTANT_CONVERSION = YES;
				CLANG_WARN_DEPRECATED_OBJC_IMPLEMENTATIONS = YES;
				CLANG_WARN_DIRECT_OBJC_ISA_USAGE = YES_ERROR;
				CLANG_WARN_DOCUMENTATION_COMMENTS = YES;
				CLANG_WARN_EMPTY_BODY = YES;
				CLANG_WARN_ENUM_CONVERSION = YES;
				CLANG_WARN_INFINITE_RECURSION = YES;
				CLANG_WARN_INT_CONVERSION = YES;
				CLANG_WARN_NON_LITERAL_NULL_CONVERSION = YES;
				CLANG_WARN_OBJC_IMPLICIT_RETAIN_SELF = YES;
				CLANG_WARN_OBJC_LITERAL_CONVERSION = YES;
				CLANG_WARN_OBJC_ROOT_CLASS = YES_ERROR;
				CLANG_WARN_QUOTED_INCLUDE_IN_FRAMEWORK_HEADER = YES;
				CLANG_WARN_RANGE_LOOP_ANALYSIS = YES;
				CLANG_WARN_STRICT_PROTOTYPES = YES;
				CLANG_WARN_SUSPICIOUS_MOVE = YES;
				CLANG_WARN_UNGUARDED_AVAILABILITY = YES_AGGRESSIVE;
				CLANG_WARN_UNREACHABLE_CODE = YES;
				CLANG_WARN__DUPLICATE_METHOD_MATCH = YES;
				COPY_PHASE_STRIP = NO;
				DEBUG_INFORMATION_FORMAT = dwarf;
				ENABLE_STRICT_OBJC_MSGSEND = YES;
				ENABLE_TESTABILITY = YES;
				GCC_C_LANGUAGE_STANDARD = gnu11;
				GCC_DYNAMIC_NO_PIC = NO;
				GCC_NO_COMMON_BLOCKS = YES;
				GCC_OPTIMIZATION_LEVEL = 0;
				GCC_PREPROCESSOR_DEFINITIONS = (
					"DEBUG=1",
					"$(inherited)",
				);
				GCC_WARN_64_TO_32_BIT_CONVERSION = YES;
				GCC_WARN_ABOUT_RETURN_TYPE = YES_ERROR;
				GCC_WARN_UNDECLARED_SELECTOR = YES;
				GCC_WARN_UNINITIALIZED_AUTOS = YES_AGGRESSIVE;
				GCC_WARN_UNUSED_FUNCTION = YES;
				GCC_WARN_UNUSED_VARIABLE = YES;
				IPHONEOS_DEPLOYMENT_TARGET = 16.4;
				MTL_ENABLE_DEBUG_INFO = INCLUDE_SOURCE;
				MTL_FAST_MATH = YES;
				ONLY_ACTIVE_ARCH = YES;
				SDKROOT = iphoneos;
				SWIFT_ACTIVE_COMPILATION_CONDITIONS = DEBUG;
				SWIFT_OPTIMIZATION_LEVEL = "-Onone";
			};
			name = Debug;
		};
		D41BD5A32A327F8400CA5217 /* Release */ = {
			isa = XCBuildConfiguration;
			buildSettings = {
				ALWAYS_SEARCH_USER_PATHS = NO;
				CLANG_ANALYZER_NONNULL = YES;
				CLANG_ANALYZER_NUMBER_OBJECT_CONVERSION = YES_AGGRESSIVE;
				CLANG_CXX_LANGUAGE_STANDARD = "gnu++20";
				CLANG_ENABLE_MODULES = YES;
				CLANG_ENABLE_OBJC_ARC = YES;
				CLANG_ENABLE_OBJC_WEAK = YES;
				CLANG_WARN_BLOCK_CAPTURE_AUTORELEASING = YES;
				CLANG_WARN_BOOL_CONVERSION = YES;
				CLANG_WARN_COMMA = YES;
				CLANG_WARN_CONSTANT_CONVERSION = YES;
				CLANG_WARN_DEPRECATED_OBJC_IMPLEMENTATIONS = YES;
				CLANG_WARN_DIRECT_OBJC_ISA_USAGE = YES_ERROR;
				CLANG_WARN_DOCUMENTATION_COMMENTS = YES;
				CLANG_WARN_EMPTY_BODY = YES;
				CLANG_WARN_ENUM_CONVERSION = YES;
				CLANG_WARN_INFINITE_RECURSION = YES;
				CLANG_WARN_INT_CONVERSION = YES;
				CLANG_WARN_NON_LITERAL_NULL_CONVERSION = YES;
				CLANG_WARN_OBJC_IMPLICIT_RETAIN_SELF = YES;
				CLANG_WARN_OBJC_LITERAL_CONVERSION = YES;
				CLANG_WARN_OBJC_ROOT_CLASS = YES_ERROR;
				CLANG_WARN_QUOTED_INCLUDE_IN_FRAMEWORK_HEADER = YES;
				CLANG_WARN_RANGE_LOOP_ANALYSIS = YES;
				CLANG_WARN_STRICT_PROTOTYPES = YES;
				CLANG_WARN_SUSPICIOUS_MOVE = YES;
				CLANG_WARN_UNGUARDED_AVAILABILITY = YES_AGGRESSIVE;
				CLANG_WARN_UNREACHABLE_CODE = YES;
				CLANG_WARN__DUPLICATE_METHOD_MATCH = YES;
				COPY_PHASE_STRIP = NO;
				DEBUG_INFORMATION_FORMAT = "dwarf-with-dsym";
				ENABLE_NS_ASSERTIONS = NO;
				ENABLE_STRICT_OBJC_MSGSEND = YES;
				GCC_C_LANGUAGE_STANDARD = gnu11;
				GCC_NO_COMMON_BLOCKS = YES;
				GCC_WARN_64_TO_32_BIT_CONVERSION = YES;
				GCC_WARN_ABOUT_RETURN_TYPE = YES_ERROR;
				GCC_WARN_UNDECLARED_SELECTOR = YES;
				GCC_WARN_UNINITIALIZED_AUTOS = YES_AGGRESSIVE;
				GCC_WARN_UNUSED_FUNCTION = YES;
				GCC_WARN_UNUSED_VARIABLE = YES;
				IPHONEOS_DEPLOYMENT_TARGET = 16.4;
				MTL_ENABLE_DEBUG_INFO = NO;
				MTL_FAST_MATH = YES;
				SDKROOT = iphoneos;
				SWIFT_COMPILATION_MODE = wholemodule;
				SWIFT_OPTIMIZATION_LEVEL = "-O";
				VALIDATE_PRODUCT = YES;
			};
			name = Release;
		};
		D41BD5A52A327F8400CA5217 /* Debug */ = {
			isa = XCBuildConfiguration;
			buildSettings = {
				ASSETCATALOG_COMPILER_APPICON_NAME = AppIcon;
				ASSETCATALOG_COMPILER_GLOBAL_ACCENT_COLOR_NAME = AccentColor;
				CODE_SIGN_STYLE = Automatic;
				CURRENT_PROJECT_VERSION = 1;
				DEVELOPMENT_TEAM = GHXH2VVSJ2;
				GENERATE_INFOPLIST_FILE = YES;
				INFOPLIST_FILE = RickAndMorty/Info.plist;
				INFOPLIST_KEY_UIApplicationSupportsIndirectInputEvents = YES;
				INFOPLIST_KEY_UILaunchStoryboardName = LaunchScreen;
				INFOPLIST_KEY_UISupportedInterfaceOrientations_iPad = "UIInterfaceOrientationPortrait UIInterfaceOrientationPortraitUpsideDown UIInterfaceOrientationLandscapeLeft UIInterfaceOrientationLandscapeRight";
				INFOPLIST_KEY_UISupportedInterfaceOrientations_iPhone = "UIInterfaceOrientationPortrait UIInterfaceOrientationLandscapeLeft UIInterfaceOrientationLandscapeRight";
				LD_RUNPATH_SEARCH_PATHS = (
					"$(inherited)",
					"@executable_path/Frameworks",
				);
				MARKETING_VERSION = 1.0;
				PRODUCT_BUNDLE_IDENTIFIER = juliagersey.RickAndMorty;
				PRODUCT_NAME = "$(TARGET_NAME)";
				SWIFT_EMIT_LOC_STRINGS = YES;
				SWIFT_VERSION = 5.0;
				TARGETED_DEVICE_FAMILY = "1,2";
			};
			name = Debug;
		};
		D41BD5A62A327F8400CA5217 /* Release */ = {
			isa = XCBuildConfiguration;
			buildSettings = {
				ASSETCATALOG_COMPILER_APPICON_NAME = AppIcon;
				ASSETCATALOG_COMPILER_GLOBAL_ACCENT_COLOR_NAME = AccentColor;
				CODE_SIGN_STYLE = Automatic;
				CURRENT_PROJECT_VERSION = 1;
				DEVELOPMENT_TEAM = GHXH2VVSJ2;
				GENERATE_INFOPLIST_FILE = YES;
				INFOPLIST_FILE = RickAndMorty/Info.plist;
				INFOPLIST_KEY_UIApplicationSupportsIndirectInputEvents = YES;
				INFOPLIST_KEY_UILaunchStoryboardName = LaunchScreen;
				INFOPLIST_KEY_UISupportedInterfaceOrientations_iPad = "UIInterfaceOrientationPortrait UIInterfaceOrientationPortraitUpsideDown UIInterfaceOrientationLandscapeLeft UIInterfaceOrientationLandscapeRight";
				INFOPLIST_KEY_UISupportedInterfaceOrientations_iPhone = "UIInterfaceOrientationPortrait UIInterfaceOrientationLandscapeLeft UIInterfaceOrientationLandscapeRight";
				LD_RUNPATH_SEARCH_PATHS = (
					"$(inherited)",
					"@executable_path/Frameworks",
				);
				MARKETING_VERSION = 1.0;
				PRODUCT_BUNDLE_IDENTIFIER = juliagersey.RickAndMorty;
				PRODUCT_NAME = "$(TARGET_NAME)";
				SWIFT_EMIT_LOC_STRINGS = YES;
				SWIFT_VERSION = 5.0;
				TARGETED_DEVICE_FAMILY = "1,2";
			};
			name = Release;
		};
/* End XCBuildConfiguration section */

/* Begin XCConfigurationList section */
		D41BD58B2A327F8000CA5217 /* Build configuration list for PBXProject "RickAndMorty" */ = {
			isa = XCConfigurationList;
			buildConfigurations = (
				D41BD5A22A327F8400CA5217 /* Debug */,
				D41BD5A32A327F8400CA5217 /* Release */,
			);
			defaultConfigurationIsVisible = 0;
			defaultConfigurationName = Release;
		};
		D41BD5A42A327F8400CA5217 /* Build configuration list for PBXNativeTarget "RickAndMorty" */ = {
			isa = XCConfigurationList;
			buildConfigurations = (
				D41BD5A52A327F8400CA5217 /* Debug */,
				D41BD5A62A327F8400CA5217 /* Release */,
			);
			defaultConfigurationIsVisible = 0;
			defaultConfigurationName = Release;
		};
/* End XCConfigurationList section */
	};
	rootObject = D41BD5882A327F8000CA5217 /* Project object */;
}
